{
  "version": 4,
  "terraform_version": "0.12.24",
  "serial": 78,
  "lineage": "3911d08d-4d65-be3b-17f3-8aca25daf72f",
  "outputs": {},
  "resources": [
    {
      "mode": "managed",
      "type": "aws_instance",
      "name": "test-instance",
      "each": "list",
      "provider": "provider.aws",
      "instances": [
        {
          "index_key": 0,
          "schema_version": 1,
          "attributes": {
            "ami": "ami-02b6d9703a69265e9",
            "arn": "arn:aws:ec2:ap-southeast-1:030640303950:instance/i-04496092d335a4b60",
            "associate_public_ip_address": true,
            "availability_zone": "ap-southeast-1b",
            "cpu_core_count": 1,
            "cpu_threads_per_core": 1,
            "credit_specification": [
              {
                "cpu_credits": "standard"
              }
            ],
            "disable_api_termination": false,
            "ebs_block_device": [],
            "ebs_optimized": false,
            "ephemeral_block_device": [],
            "get_password_data": false,
            "hibernation": false,
            "host_id": null,
            "iam_instance_profile": "",
            "id": "i-04496092d335a4b60",
            "instance_initiated_shutdown_behavior": null,
            "instance_state": "running",
            "instance_type": "t2.micro",
            "ipv6_address_count": 0,
            "ipv6_addresses": [],
            "key_name": "my-key",
            "metadata_options": [
              {
                "http_endpoint": "enabled",
                "http_put_response_hop_limit": 1,
                "http_tokens": "optional"
              }
            ],
            "monitoring": false,
            "network_interface": [],
            "network_interface_id": null,
            "password_data": "",
            "placement_group": "",
            "primary_network_interface_id": "eni-071ea65ca4b006a0c",
            "private_dns": "ip-172-31-28-21.ap-southeast-1.compute.internal",
            "private_ip": "172.31.28.21",
            "public_dns": "ec2-18-141-193-103.ap-southeast-1.compute.amazonaws.com",
            "public_ip": "18.141.193.103",
            "root_block_device": [
              {
                "delete_on_termination": true,
                "encrypted": false,
                "iops": 100,
                "kms_key_id": "",
                "volume_id": "vol-0165cef072c4791fe",
                "volume_size": 10,
                "volume_type": "gp2"
              }
            ],
            "security_groups": [
              "default"
            ],
            "source_dest_check": true,
            "subnet_id": "subnet-83ab68e5",
            "tags": {
              "Name": "test_inst"
            },
            "tenancy": "default",
            "timeouts": null,
            "user_data": "a438d4f95a186e640fc419f1ca0ae90e81b6ab5f",
            "user_data_base64": null,
            "volume_tags": {},
            "vpc_security_group_ids": [
              "sg-9df6b9ee"
            ]
          },
          "private": "eyJlMmJmYjczMC1lY2FhLTExZTYtOGY4OC0zNDM2M2JjN2M0YzAiOnsiY3JlYXRlIjo2MDAwMDAwMDAwMDAsImRlbGV0ZSI6MTIwMDAwMDAwMDAwMCwidXBkYXRlIjo2MDAwMDAwMDAwMDB9LCJzY2hlbWFfdmVyc2lvbiI6IjEifQ==",
          "dependencies": [
            "aws_key_pair.my-key"
          ]
        }
      ]
    },
    {
      "mode": "managed",
      "type": "aws_key_pair",
      "name": "my-key",
      "provider": "provider.aws",
      "instances": [
        {
          "schema_version": 1,
          "attributes": {
            "fingerprint": "fb:60:d6:d4:c3:82:d8:b9:0e:9d:b7:dc:1a:4f:5f:bc",
            "id": "my-key",
            "key_name": "my-key",
            "key_name_prefix": null,
            "key_pair_id": "key-0c237d92606cf89c3",
            "public_key": "ssh-rsa AAAAB3NzaC1yc2EAAAADAQABAAABAQC4nlOuN4J8GiJ8B9oGRplIqKtxAXpAKviDmWJMHk8Jq0cloU3aH5dyyKZPK8wQpDjLbSHsNXTFS4n/5JaRm7SZduLV1a7yatUoOnhnhjK4MqzakuMS5/eVJCAa3gflzjEAzWe6miJmqp7I5RRyzuObUzSxT3RdlTgo6b85JWVd5mHlitAXz5hm8gVX3XMU0mIEFeW6U6MOqQO38HeWk8riOHPyM4RgM4/9ZPYFMvOhmGsNyYCehqQ3uJrubPgfuSL8xQ7nRbIn7vcwKk/HrYYigks/saCgnjWeg0EIOyXaJzWMMj8p3vxDOBpu7PieMlF3mD67kIo1oiUtfxmVS5S9 herin@localmachine",
            "tags": null
          },
          "private": "eyJzY2hlbWFfdmVyc2lvbiI6IjEifQ=="
        }
      ]
    }
  ]
}
